
Microsoft Visual Studio Solution File, Format Version 12.00
# Visual Studio Version 16
VisualStudioVersion = 16.0.30223.230
MinimumVisualStudioVersion = 10.0.40219.1
Project("{9A19103F-16F7-4668-BE54-9A1E7A4F7556}") = "TestApp", "TestApp\TestApp.csproj", "{7182F783-3A45-4644-A582-8D3DBAE189CE}"
EndProject
Global
	GlobalSection(SolutionConfigurationPlatforms) = preSolution
		Debug|Any CPU = Debug|Any CPU
		Debug|x64 = Debug|x64
		Release|Any CPU = Release|Any CPU
		Release|x64 = Release|x64
	EndGlobalSection
	GlobalSection(ProjectConfigurationPlatforms) = postSolution
		{7182F783-3A45-4644-A582-8D3DBAE189CE}.Debug|Any CPU.ActiveCfg = Debug|x64
		{7182F783-3A45-4644-A582-8D3DBAE189CE}.Debug|Any CPU.Build.0 = Debug|x64
		{7182F783-3A45-4644-A582-8D3DBAE189CE}.Debug|x64.ActiveCfg = Debug|x64
		{7182F783-3A45-4644-A582-8D3DBAE189CE}.Debug|x64.Build.0 = Debug|x64
		{7182F783-3A45-4644-A582-8D3DBAE189CE}.Release|Any CPU.ActiveCfg = Release|Any CPU
		{7182F783-3A45-4644-A582-8D3DBAE189CE}.Release|Any CPU.Build.0 = Release|Any CPU
		{7182F783-3A45-4644-A582-8D3DBAE189CE}.Release|x64.ActiveCfg = Release|x64
		{7182F783-3A45-4644-A582-8D3DBAE189CE}.Release|x64.Build.0 = Release|x64
	EndGlobalSection
	GlobalSection(SolutionProperties) = preSolution
		HideSolutionNode = FALSE
	EndGlobalSection
	GlobalSection(ExtensibilityGlobals) = postSolution
		SolutionGuid = {36D872BF-D7AF-477A-972E-98232F0B7AF8}
	EndGlobalSection
EndGlobal
